
Microsoft Visual Studio Solution File, Format Version 12.00
# Visual Studio Version 17
VisualStudioVersion = 17.14.36518.9
MinimumVisualStudioVersion = 10.0.40219.1
Project("{FAE04EC0-301F-11D3-BF4B-00C04F79EFBC}") = "BuildingPlus", "src\BuildingPlus.csproj", "{968E4B5F-F0D0-4B39-9C39-70498B85F950}"
EndProject
Global
	GlobalSection(SolutionConfigurationPlatforms) = preSolution
		Debug|Any CPU = Debug|Any CPU
		Release|Any CPU = Release|Any CPU
	EndGlobalSection
	GlobalSection(ProjectConfigurationPlatforms) = postSolution
		{968E4B5F-F0D0-4B39-9C39-70498B85F950}.Debug|Any CPU.ActiveCfg = Debug|Any CPU
		{968E4B5F-F0D0-4B39-9C39-70498B85F950}.Debug|Any CPU.Build.0 = Debug|Any CPU
		{968E4B5F-F0D0-4B39-9C39-70498B85F950}.Release|Any CPU.ActiveCfg = Release|Any CPU
		{968E4B5F-F0D0-4B39-9C39-70498B85F950}.Release|Any CPU.Build.0 = Release|Any CPU
	EndGlobalSection
	GlobalSection(SolutionProperties) = preSolution
		HideSolutionNode = FALSE
	EndGlobalSection
	GlobalSection(ExtensibilityGlobals) = postSolution
		SolutionGuid = {4B52DFDB-87FF-4035-B7DB-320D5632B063}
	EndGlobalSection
EndGlobal
